// !$*UTF8*$!
{
	archiveVersion = 1;
	classes = {
	};
	objectVersion = 50;
	objects = {

/* Begin PBXBuildFile section */
		B09B63B3B6848077C586A0F4 /* Pods_IOSARSample.framework in Frameworks */ = {isa = PBXBuildFile; fileRef = 1C7858247DFB131AD6D65369 /* Pods_IOSARSample.framework */; };
		D384EF69228C97FC00DE6925 /* AppDelegate.swift in Sources */ = {isa = PBXBuildFile; fileRef = D384EF68228C97FC00DE6925 /* AppDelegate.swift */; };
		D384EF6E228C97FC00DE6925 /* Main.storyboard in Resources */ = {isa = PBXBuildFile; fileRef = D384EF6C228C97FC00DE6925 /* Main.storyboard */; };
		D384EF70228C97FE00DE6925 /* Assets.xcassets in Resources */ = {isa = PBXBuildFile; fileRef = D384EF6F228C97FE00DE6925 /* Assets.xcassets */; };
		D384EF73228C97FE00DE6925 /* LaunchScreen.storyboard in Resources */ = {isa = PBXBuildFile; fileRef = D384EF71228C97FE00DE6925 /* LaunchScreen.storyboard */; };
		EE646EC7228EFA4F00305FDE /* UIBezierPath+Extension.swift in Sources */ = {isa = PBXBuildFile; fileRef = EE646EC6228EFA4F00305FDE /* UIBezierPath+Extension.swift */; };
		EE646ECC228F2ACA00305FDE /* SettingViewController.swift in Sources */ = {isa = PBXBuildFile; fileRef = EE646ECB228F2ACA00305FDE /* SettingViewController.swift */; };
		EE646ECD228F2C3F00305FDE /* ARViewController.swift in Sources */ = {isa = PBXBuildFile; fileRef = D384EF6A228C97FC00DE6925 /* ARViewController.swift */; };
		EE646ECF228F2CC400305FDE /* Data.swift in Sources */ = {isa = PBXBuildFile; fileRef = EE646ECE228F2CC400305FDE /* Data.swift */; };
/* End PBXBuildFile section */

/* Begin PBXFileReference section */
		1C7858247DFB131AD6D65369 /* Pods_IOSARSample.framework */ = {isa = PBXFileReference; explicitFileType = wrapper.framework; includeInIndex = 0; path = Pods_IOSARSample.framework; sourceTree = BUILT_PRODUCTS_DIR; };
		508C72559B8C8BE92B20ADC1 /* Pods-IOSARSample.release.xcconfig */ = {isa = PBXFileReference; includeInIndex = 1; lastKnownFileType = text.xcconfig; name = "Pods-IOSARSample.release.xcconfig"; path = "Pods/Target Support Files/Pods-IOSARSample/Pods-IOSARSample.release.xcconfig"; sourceTree = "<group>"; };
		D384EF65228C97FC00DE6925 /* IOSARSample.app */ = {isa = PBXFileReference; explicitFileType = wrapper.application; includeInIndex = 0; path = IOSARSample.app; sourceTree = BUILT_PRODUCTS_DIR; };
		D384EF68228C97FC00DE6925 /* AppDelegate.swift */ = {isa = PBXFileReference; lastKnownFileType = sourcecode.swift; path = AppDelegate.swift; sourceTree = "<group>"; };
		D384EF6A228C97FC00DE6925 /* ARViewController.swift */ = {isa = PBXFileReference; lastKnownFileType = sourcecode.swift; path = ARViewController.swift; sourceTree = "<group>"; };
		D384EF6D228C97FC00DE6925 /* Base */ = {isa = PBXFileReference; lastKnownFileType = file.storyboard; name = Base; path = Base.lproj/Main.storyboard; sourceTree = "<group>"; };
		D384EF6F228C97FE00DE6925 /* Assets.xcassets */ = {isa = PBXFileReference; lastKnownFileType = folder.assetcatalog; path = Assets.xcassets; sourceTree = "<group>"; };
		D384EF72228C97FE00DE6925 /* Base */ = {isa = PBXFileReference; lastKnownFileType = file.storyboard; name = Base; path = Base.lproj/LaunchScreen.storyboard; sourceTree = "<group>"; };
		D384EF74228C97FE00DE6925 /* Info.plist */ = {isa = PBXFileReference; lastKnownFileType = text.plist.xml; path = Info.plist; sourceTree = "<group>"; };
		EB2649D175977FE0C43460A5 /* Pods-IOSARSample.debug.xcconfig */ = {isa = PBXFileReference; includeInIndex = 1; lastKnownFileType = text.xcconfig; name = "Pods-IOSARSample.debug.xcconfig"; path = "Pods/Target Support Files/Pods-IOSARSample/Pods-IOSARSample.debug.xcconfig"; sourceTree = "<group>"; };
		EE646EC6228EFA4F00305FDE /* UIBezierPath+Extension.swift */ = {isa = PBXFileReference; lastKnownFileType = sourcecode.swift; path = "UIBezierPath+Extension.swift"; sourceTree = "<group>"; };
		EE646ECB228F2ACA00305FDE /* SettingViewController.swift */ = {isa = PBXFileReference; lastKnownFileType = sourcecode.swift; path = SettingViewController.swift; sourceTree = "<group>"; };
		EE646ECE228F2CC400305FDE /* Data.swift */ = {isa = PBXFileReference; lastKnownFileType = sourcecode.swift; path = Data.swift; sourceTree = "<group>"; };
/* End PBXFileReference section */

/* Begin PBXFrameworksBuildPhase section */
		D384EF62228C97FC00DE6925 /* Frameworks */ = {
			isa = PBXFrameworksBuildPhase;
			buildActionMask = 2147483647;
			files = (
				B09B63B3B6848077C586A0F4 /* Pods_IOSARSample.framework in Frameworks */,
			);
			runOnlyForDeploymentPostprocessing = 0;
		};
/* End PBXFrameworksBuildPhase section */

/* Begin PBXGroup section */
		46154EE70E957AA52D5C3E97 /* Pods */ = {
			isa = PBXGroup;
			children = (
				EB2649D175977FE0C43460A5 /* Pods-IOSARSample.debug.xcconfig */,
				508C72559B8C8BE92B20ADC1 /* Pods-IOSARSample.release.xcconfig */,
			);
			name = Pods;
			sourceTree = "<group>";
		};
		729558723344BAB6FCB1C8DE /* Frameworks */ = {
			isa = PBXGroup;
			children = (
				1C7858247DFB131AD6D65369 /* Pods_IOSARSample.framework */,
			);
			name = Frameworks;
			sourceTree = "<group>";
		};
		D384EF5C228C97FC00DE6925 = {
			isa = PBXGroup;
			children = (
				D384EF67228C97FC00DE6925 /* IOSARSample */,
				D384EF66228C97FC00DE6925 /* Products */,
				729558723344BAB6FCB1C8DE /* Frameworks */,
				46154EE70E957AA52D5C3E97 /* Pods */,
			);
			sourceTree = "<group>";
		};
		D384EF66228C97FC00DE6925 /* Products */ = {
			isa = PBXGroup;
			children = (
				D384EF65228C97FC00DE6925 /* IOSARSample.app */,
			);
			name = Products;
			sourceTree = "<group>";
		};
		D384EF67228C97FC00DE6925 /* IOSARSample */ = {
			isa = PBXGroup;
			children = (
				D384EF74228C97FE00DE6925 /* Info.plist */,
				D384EF68228C97FC00DE6925 /* AppDelegate.swift */,
				D384EF6A228C97FC00DE6925 /* ARViewController.swift */,
				EE646ECE228F2CC400305FDE /* Data.swift */,
				EE646ECB228F2ACA00305FDE /* SettingViewController.swift */,
				EE646EC6228EFA4F00305FDE /* UIBezierPath+Extension.swift */,
				D384EF6F228C97FE00DE6925 /* Assets.xcassets */,
				D384EF71228C97FE00DE6925 /* LaunchScreen.storyboard */,
				D384EF6C228C97FC00DE6925 /* Main.storyboard */,
			);
			path = IOSARSample;
			sourceTree = "<group>";
		};
/* End PBXGroup section */

/* Begin PBXNativeTarget section */
		D384EF64228C97FC00DE6925 /* IOSARSample */ = {
			isa = PBXNativeTarget;
			buildConfigurationList = D384EF77228C97FE00DE6925 /* Build configuration list for PBXNativeTarget "IOSARSample" */;
			buildPhases = (
				FB11092AF11F73BB6F2AD3C0 /* [CP] Check Pods Manifest.lock */,
				D384EF61228C97FC00DE6925 /* Sources */,
				D384EF62228C97FC00DE6925 /* Frameworks */,
				D384EF63228C97FC00DE6925 /* Resources */,
			);
			buildRules = (
			);
			dependencies = (
			);
			name = IOSARSample;
			productName = IOSARSample;
			productReference = D384EF65228C97FC00DE6925 /* IOSARSample.app */;
			productType = "com.apple.product-type.application";
		};
/* End PBXNativeTarget section */

/* Begin PBXProject section */
		D384EF5D228C97FC00DE6925 /* Project object */ = {
			isa = PBXProject;
			attributes = {
				LastSwiftUpdateCheck = 1010;
				LastUpgradeCheck = 1010;
				ORGANIZATIONNAME = swiften;
				TargetAttributes = {
					D384EF64228C97FC00DE6925 = {
						CreatedOnToolsVersion = 10.1;
					};
				};
			};
			buildConfigurationList = D384EF60228C97FC00DE6925 /* Build configuration list for PBXProject "IOSARSample" */;
			compatibilityVersion = "Xcode 9.3";
			developmentRegion = en;
			hasScannedForEncodings = 0;
			knownRegions = (
				en,
				Base,
			);
			mainGroup = D384EF5C228C97FC00DE6925;
			productRefGroup = D384EF66228C97FC00DE6925 /* Products */;
			projectDirPath = "";
			projectRoot = "";
			targets = (
				D384EF64228C97FC00DE6925 /* IOSARSample */,
			);
		};
/* End PBXProject section */

/* Begin PBXResourcesBuildPhase section */
		D384EF63228C97FC00DE6925 /* Resources */ = {
			isa = PBXResourcesBuildPhase;
			buildActionMask = 2147483647;
			files = (
				D384EF73228C97FE00DE6925 /* LaunchScreen.storyboard in Resources */,
				D384EF70228C97FE00DE6925 /* Assets.xcassets in Resources */,
				D384EF6E228C97FC00DE6925 /* Main.storyboard in Resources */,
			);
			runOnlyForDeploymentPostprocessing = 0;
		};
/* End PBXResourcesBuildPhase section */

/* Begin PBXShellScriptBuildPhase section */
		FB11092AF11F73BB6F2AD3C0 /* [CP] Check Pods Manifest.lock */ = {
			isa = PBXShellScriptBuildPhase;
			buildActionMask = 2147483647;
			files = (
			);
			inputFileListPaths = (
			);
			inputPaths = (
				"${PODS_PODFILE_DIR_PATH}/Podfile.lock",
				"${PODS_ROOT}/Manifest.lock",
			);
			name = "[CP] Check Pods Manifest.lock";
			outputFileListPaths = (
			);
			outputPaths = (
				"$(DERIVED_FILE_DIR)/Pods-IOSARSample-checkManifestLockResult.txt",
			);
			runOnlyForDeploymentPostprocessing = 0;
			shellPath = /bin/sh;
			shellScript = "diff \"${PODS_PODFILE_DIR_PATH}/Podfile.lock\" \"${PODS_ROOT}/Manifest.lock\" > /dev/null\nif [ $? != 0 ] ; then\n    # print error to STDERR\n    echo \"error: The sandbox is not in sync with the Podfile.lock. Run 'pod install' or update your CocoaPods installation.\" >&2\n    exit 1\nfi\n# This output is used by Xcode 'outputs' to avoid re-running this script phase.\necho \"SUCCESS\" > \"${SCRIPT_OUTPUT_FILE_0}\"\n";
			showEnvVarsInLog = 0;
		};
/* End PBXShellScriptBuildPhase section */

/* Begin PBXSourcesBuildPhase section */
		D384EF61228C97FC00DE6925 /* Sources */ = {
			isa = PBXSourcesBuildPhase;
			buildActionMask = 2147483647;
			files = (
				D384EF69228C97FC00DE6925 /* AppDelegate.swift in Sources */,
				EE646ECF228F2CC400305FDE /* Data.swift in Sources */,
				EE646EC7228EFA4F00305FDE /* UIBezierPath+Extension.swift in Sources */,
				EE646ECC228F2ACA00305FDE /* SettingViewController.swift in Sources */,
				EE646ECD228F2C3F00305FDE /* ARViewController.swift in Sources */,
			);
			runOnlyForDeploymentPostprocessing = 0;
		};
/* End PBXSourcesBuildPhase section */

/* Begin PBXVariantGroup section */
		D384EF6C228C97FC00DE6925 /* Main.storyboard */ = {
			isa = PBXVariantGroup;
			children = (
				D384EF6D228C97FC00DE6925 /* Base */,
			);
			name = Main.storyboard;
			sourceTree = "<group>";
		};
		D384EF71228C97FE00DE6925 /* LaunchScreen.storyboard */ = {
			isa = PBXVariantGroup;
			children = (
				D384EF72228C97FE00DE6925 /* Base */,
			);
			name = LaunchScreen.storyboard;
			sourceTree = "<group>";
		};
/* End PBXVariantGroup section */

/* Begin XCBuildConfiguration section */
		D384EF75228C97FE00DE6925 /* Debug */ = {
			isa = XCBuildConfiguration;
			buildSettings = {
				ALWAYS_SEARCH_USER_PATHS = NO;
				CLANG_ANALYZER_NONNULL = YES;
				CLANG_ANALYZER_NUMBER_OBJECT_CONVERSION = YES_AGGRESSIVE;
				CLANG_CXX_LANGUAGE_STANDARD = "gnu++14";
				CLANG_CXX_LIBRARY = "libc++";
				CLANG_ENABLE_MODULES = YES;
				CLANG_ENABLE_OBJC_ARC = YES;
				CLANG_ENABLE_OBJC_WEAK = YES;
				CLANG_WARN_BLOCK_CAPTURE_AUTORELEASING = YES;
				CLANG_WARN_BOOL_CONVERSION = YES;
				CLANG_WARN_COMMA = YES;
				CLANG_WARN_CONSTANT_CONVERSION = YES;
				CLANG_WARN_DEPRECATED_OBJC_IMPLEMENTATIONS = YES;
				CLANG_WARN_DIRECT_OBJC_ISA_USAGE = YES_ERROR;
				CLANG_WARN_DOCUMENTATION_COMMENTS = YES;
				CLANG_WARN_EMPTY_BODY = YES;
				CLANG_WARN_ENUM_CONVERSION = YES;
				CLANG_WARN_INFINITE_RECURSION = YES;
				CLANG_WARN_INT_CONVERSION = YES;
				CLANG_WARN_NON_LITERAL_NULL_CONVERSION = YES;
				CLANG_WARN_OBJC_IMPLICIT_RETAIN_SELF = YES;
				CLANG_WARN_OBJC_LITERAL_CONVERSION = YES;
				CLANG_WARN_OBJC_ROOT_CLASS = YES_ERROR;
				CLANG_WARN_RANGE_LOOP_ANALYSIS = YES;
				CLANG_WARN_STRICT_PROTOTYPES = YES;
				CLANG_WARN_SUSPICIOUS_MOVE = YES;
				CLANG_WARN_UNGUARDED_AVAILABILITY = YES_AGGRESSIVE;
				CLANG_WARN_UNREACHABLE_CODE = YES;
				CLANG_WARN__DUPLICATE_METHOD_MATCH = YES;
				CODE_SIGN_IDENTITY = "iPhone Developer";
				COPY_PHASE_STRIP = NO;
				DEBUG_INFORMATION_FORMAT = dwarf;
				ENABLE_STRICT_OBJC_MSGSEND = YES;
				ENABLE_TESTABILITY = YES;
				GCC_C_LANGUAGE_STANDARD = gnu11;
				GCC_DYNAMIC_NO_PIC = NO;
				GCC_NO_COMMON_BLOCKS = YES;
				GCC_OPTIMIZATION_LEVEL = 0;
				GCC_PREPROCESSOR_DEFINITIONS = (
					"DEBUG=1",
					"$(inherited)",
				);
				GCC_WARN_64_TO_32_BIT_CONVERSION = YES;
				GCC_WARN_ABOUT_RETURN_TYPE = YES_ERROR;
				GCC_WARN_UNDECLARED_SELECTOR = YES;
				GCC_WARN_UNINITIALIZED_AUTOS = YES_AGGRESSIVE;
				GCC_WARN_UNUSED_FUNCTION = YES;
				GCC_WARN_UNUSED_VARIABLE = YES;
				IPHONEOS_DEPLOYMENT_TARGET = 12.1;
				MTL_ENABLE_DEBUG_INFO = INCLUDE_SOURCE;
				MTL_FAST_MATH = YES;
				ONLY_ACTIVE_ARCH = YES;
				SDKROOT = iphoneos;
				SWIFT_ACTIVE_COMPILATION_CONDITIONS = DEBUG;
				SWIFT_OPTIMIZATION_LEVEL = "-Onone";
			};
			name = Debug;
		};
		D384EF76228C97FE00DE6925 /* Release */ = {
			isa = XCBuildConfiguration;
			buildSettings = {
				ALWAYS_SEARCH_USER_PATHS = NO;
				CLANG_ANALYZER_NONNULL = YES;
				CLANG_ANALYZER_NUMBER_OBJECT_CONVERSION = YES_AGGRESSIVE;
				CLANG_CXX_LANGUAGE_STANDARD = "gnu++14";
				CLANG_CXX_LIBRARY = "libc++";
				CLANG_ENABLE_MODULES = YES;
				CLANG_ENABLE_OBJC_ARC = YES;
				CLANG_ENABLE_OBJC_WEAK = YES;
				CLANG_WARN_BLOCK_CAPTURE_AUTORELEASING = YES;
				CLANG_WARN_BOOL_CONVERSION = YES;
				CLANG_WARN_COMMA = YES;
				CLANG_WARN_CONSTANT_CONVERSION = YES;
				CLANG_WARN_DEPRECATED_OBJC_IMPLEMENTATIONS = YES;
				CLANG_WARN_DIRECT_OBJC_ISA_USAGE = YES_ERROR;
				CLANG_WARN_DOCUMENTATION_COMMENTS = YES;
				CLANG_WARN_EMPTY_BODY = YES;
				CLANG_WARN_ENUM_CONVERSION = YES;
				CLANG_WARN_INFINITE_RECURSION = YES;
				CLANG_WARN_INT_CONVERSION = YES;
				CLANG_WARN_NON_LITERAL_NULL_CONVERSION = YES;
				CLANG_WARN_OBJC_IMPLICIT_RETAIN_SELF = YES;
				CLANG_WARN_OBJC_LITERAL_CONVERSION = YES;
				CLANG_WARN_OBJC_ROOT_CLASS = YES_ERROR;
				CLANG_WARN_RANGE_LOOP_ANALYSIS = YES;
				CLANG_WARN_STRICT_PROTOTYPES = YES;
				CLANG_WARN_SUSPICIOUS_MOVE = YES;
				CLANG_WARN_UNGUARDED_AVAILABILITY = YES_AGGRESSIVE;
				CLANG_WARN_UNREACHABLE_CODE = YES;
				CLANG_WARN__DUPLICATE_METHOD_MATCH = YES;
				CODE_SIGN_IDENTITY = "iPhone Developer";
				COPY_PHASE_STRIP = NO;
				DEBUG_INFORMATION_FORMAT = "dwarf-with-dsym";
				ENABLE_NS_ASSERTIONS = NO;
				ENABLE_STRICT_OBJC_MSGSEND = YES;
				GCC_C_LANGUAGE_STANDARD = gnu11;
				GCC_NO_COMMON_BLOCKS = YES;
				GCC_WARN_64_TO_32_BIT_CONVERSION = YES;
				GCC_WARN_ABOUT_RETURN_TYPE = YES_ERROR;
				GCC_WARN_UNDECLARED_SELECTOR = YES;
				GCC_WARN_UNINITIALIZED_AUTOS = YES_AGGRESSIVE;
				GCC_WARN_UNUSED_FUNCTION = YES;
				GCC_WARN_UNUSED_VARIABLE = YES;
				IPHONEOS_DEPLOYMENT_TARGET = 12.1;
				MTL_ENABLE_DEBUG_INFO = NO;
				MTL_FAST_MATH = YES;
				SDKROOT = iphoneos;
				SWIFT_COMPILATION_MODE = wholemodule;
				SWIFT_OPTIMIZATION_LEVEL = "-O";
				VALIDATE_PRODUCT = YES;
			};
			name = Release;
		};
		D384EF78228C97FE00DE6925 /* Debug */ = {
			isa = XCBuildConfiguration;
			baseConfigurationReference = EB2649D175977FE0C43460A5 /* Pods-IOSARSample.debug.xcconfig */;
			buildSettings = {
				ASSETCATALOG_COMPILER_APPICON_NAME = AppIcon;
				CODE_SIGN_STYLE = Automatic;
				DEVELOPMENT_TEAM = MHY2SWZ976;
				INFOPLIST_FILE = IOSARSample/Info.plist;
				LD_RUNPATH_SEARCH_PATHS = (
					"$(inherited)",
					"@executable_path/Frameworks",
				);
				PRODUCT_BUNDLE_IDENTIFIER = org.swiften.IOSARSample;
				PRODUCT_NAME = "$(TARGET_NAME)";
				SWIFT_VERSION = 4.2;
				TARGETED_DEVICE_FAMILY = "1,2";
			};
			name = Debug;
		};
		D384EF79228C97FE00DE6925 /* Release */ = {
			isa = XCBuildConfiguration;
			baseConfigurationReference = 508C72559B8C8BE92B20ADC1 /* Pods-IOSARSample.release.xcconfig */;
			buildSettings = {
				ASSETCATALOG_COMPILER_APPICON_NAME = AppIcon;
				CODE_SIGN_STYLE = Automatic;
				DEVELOPMENT_TEAM = MHY2SWZ976;
				INFOPLIST_FILE = IOSARSample/Info.plist;
				LD_RUNPATH_SEARCH_PATHS = (
					"$(inherited)",
					"@executable_path/Frameworks",
				);
				PRODUCT_BUNDLE_IDENTIFIER = org.swiften.IOSARSample;
				PRODUCT_NAME = "$(TARGET_NAME)";
				SWIFT_VERSION = 4.2;
				TARGETED_DEVICE_FAMILY = "1,2";
			};
			name = Release;
		};
/* End XCBuildConfiguration section */

/* Begin XCConfigurationList section */
		D384EF60228C97FC00DE6925 /* Build configuration list for PBXProject "IOSARSample" */ = {
			isa = XCConfigurationList;
			buildConfigurations = (
				D384EF75228C97FE00DE6925 /* Debug */,
				D384EF76228C97FE00DE6925 /* Release */,
			);
			defaultConfigurationIsVisible = 0;
			defaultConfigurationName = Release;
		};
		D384EF77228C97FE00DE6925 /* Build configuration list for PBXNativeTarget "IOSARSample" */ = {
			isa = XCConfigurationList;
			buildConfigurations = (
				D384EF78228C97FE00DE6925 /* Debug */,
				D384EF79228C97FE00DE6925 /* Release */,
			);
			defaultConfigurationIsVisible = 0;
			defaultConfigurationName = Release;
		};
/* End XCConfigurationList section */
	};
	rootObject = D384EF5D228C97FC00DE6925 /* Project object */;
}
